
Microsoft Visual Studio Solution File, Format Version 12.00
# Visual Studio 15
VisualStudioVersion = 15.0.27130.2027
MinimumVisualStudioVersion = 10.0.40219.1
Project("{FAE04EC0-301F-11D3-BF4B-00C04F79EFBC}") = "blockchaindev", "blockchaindev\blockchaindev.csproj", "{B3C009B4-AB6D-4937-A9A3-17B4862AD165}"
EndProject
Global
	GlobalSection(SolutionConfigurationPlatforms) = preSolution
		Debug|Any CPU = Debug|Any CPU
		Release|Any CPU = Release|Any CPU
	EndGlobalSection
	GlobalSection(ProjectConfigurationPlatforms) = postSolution
		{B3C009B4-AB6D-4937-A9A3-17B4862AD165}.Debug|Any CPU.ActiveCfg = Debug|Any CPU
		{B3C009B4-AB6D-4937-A9A3-17B4862AD165}.Debug|Any CPU.Build.0 = Debug|Any CPU
		{B3C009B4-AB6D-4937-A9A3-17B4862AD165}.Release|Any CPU.ActiveCfg = Release|Any CPU
		{B3C009B4-AB6D-4937-A9A3-17B4862AD165}.Release|Any CPU.Build.0 = Release|Any CPU
	EndGlobalSection
	GlobalSection(SolutionProperties) = preSolution
		HideSolutionNode = FALSE
	EndGlobalSection
	GlobalSection(ExtensibilityGlobals) = postSolution
		SolutionGuid = {BF080E07-1115-4D08-9F0F-5438E3459D5F}
	EndGlobalSection
EndGlobal
